// !$*UTF8*$!
{
	archiveVersion = 1;
	classes = {
	};
	objectVersion = 56;
	objects = {

/* Begin PBXBuildFile section */
		560D50E12BDEAE44006EBDA1 /* AuthManager.swift in Sources */ = {isa = PBXBuildFile; fileRef = 560D50E02BDEAE44006EBDA1 /* AuthManager.swift */; };
		560D50E32BDEAEA2006EBDA1 /* LoginView.swift in Sources */ = {isa = PBXBuildFile; fileRef = 560D50E22BDEAEA2006EBDA1 /* LoginView.swift */; };
		563BB08D2BB2285700A56B2B /* PixelCouchApp.swift in Sources */ = {isa = PBXBuildFile; fileRef = 563BB08C2BB2285700A56B2B /* PixelCouchApp.swift */; };
		563BB08F2BB2285700A56B2B /* ContentView.swift in Sources */ = {isa = PBXBuildFile; fileRef = 563BB08E2BB2285700A56B2B /* ContentView.swift */; };
		563BB0912BB2285800A56B2B /* Assets.xcassets in Resources */ = {isa = PBXBuildFile; fileRef = 563BB0902BB2285800A56B2B /* Assets.xcassets */; };
		563BB0942BB2285800A56B2B /* Preview Assets.xcassets in Resources */ = {isa = PBXBuildFile; fileRef = 563BB0932BB2285800A56B2B /* Preview Assets.xcassets */; };
		56447C4F2BCA9DB6007D27EB /* RemoteImage.swift in Sources */ = {isa = PBXBuildFile; fileRef = 56447C4E2BCA9DB6007D27EB /* RemoteImage.swift */; };
		56447C512BCAA235007D27EB /* ButtonThing.swift in Sources */ = {isa = PBXBuildFile; fileRef = 56447C502BCAA235007D27EB /* ButtonThing.swift */; };
		565888012BCED78E00FB5484 /* Seed.swift in Sources */ = {isa = PBXBuildFile; fileRef = 565888002BCED78E00FB5484 /* Seed.swift */; };
		565888032BCED8EC00FB5484 /* UserView.swift in Sources */ = {isa = PBXBuildFile; fileRef = 565888022BCED8EC00FB5484 /* UserView.swift */; };
		565888052BCEDAE800FB5484 /* GoogleService-Info.plist in Resources */ = {isa = PBXBuildFile; fileRef = 565888042BCEDAE800FB5484 /* GoogleService-Info.plist */; };
		565888082BCEDB3F00FB5484 /* FirebaseAnalytics in Frameworks */ = {isa = PBXBuildFile; productRef = 565888072BCEDB3F00FB5484 /* FirebaseAnalytics */; };
		5658880A2BCEDB3F00FB5484 /* FirebaseAnalyticsOnDeviceConversion in Frameworks */ = {isa = PBXBuildFile; productRef = 565888092BCEDB3F00FB5484 /* FirebaseAnalyticsOnDeviceConversion */; };
		5658880C2BCEDB3F00FB5484 /* FirebaseAnalyticsSwift in Frameworks */ = {isa = PBXBuildFile; productRef = 5658880B2BCEDB3F00FB5484 /* FirebaseAnalyticsSwift */; };
		5658880E2BCEDB3F00FB5484 /* FirebaseAnalyticsWithoutAdIdSupport in Frameworks */ = {isa = PBXBuildFile; productRef = 5658880D2BCEDB3F00FB5484 /* FirebaseAnalyticsWithoutAdIdSupport */; };
		565888102BCEDB3F00FB5484 /* FirebaseAppCheck in Frameworks */ = {isa = PBXBuildFile; productRef = 5658880F2BCEDB3F00FB5484 /* FirebaseAppCheck */; };
		566316E32BEAA6D4001079C1 /* MainMenuView.swift in Sources */ = {isa = PBXBuildFile; fileRef = 566316E22BEAA6D4001079C1 /* MainMenuView.swift */; };
		566316E52BEAC4E3001079C1 /* FirstScreenView.swift in Sources */ = {isa = PBXBuildFile; fileRef = 566316E42BEAC4E3001079C1 /* FirstScreenView.swift */; };
		5666075B2BBDEB9000D8AA70 /* GameModel.swift in Sources */ = {isa = PBXBuildFile; fileRef = 5666075A2BBDEB9000D8AA70 /* GameModel.swift */; };
		5666075D2BBDEC6700D8AA70 /* NetworkManager.swift in Sources */ = {isa = PBXBuildFile; fileRef = 5666075C2BBDEC6700D8AA70 /* NetworkManager.swift */; };
		5692085B2BD965B700E13E26 /* DatabaseManager.swift in Sources */ = {isa = PBXBuildFile; fileRef = 5692085A2BD965B700E13E26 /* DatabaseManager.swift */; };
		5694B9862BC4552A004D2A16 /* Kingfisher in Frameworks */ = {isa = PBXBuildFile; productRef = 5694B9852BC4552A004D2A16 /* Kingfisher */; };
		56A14A482BEA9C530000CF10 /* HostRoom.swift in Sources */ = {isa = PBXBuildFile; fileRef = 56A14A472BEA9C530000CF10 /* HostRoom.swift */; };
		56B057752BBB5F8C00B4A7EB /* CardView.swift in Sources */ = {isa = PBXBuildFile; fileRef = 56B057742BBB5F8C00B4A7EB /* CardView.swift */; };
/* End PBXBuildFile section */

/* Begin PBXFileReference section */
		560D50E02BDEAE44006EBDA1 /* AuthManager.swift */ = {isa = PBXFileReference; lastKnownFileType = sourcecode.swift; path = AuthManager.swift; sourceTree = "<group>"; };
		560D50E22BDEAEA2006EBDA1 /* LoginView.swift */ = {isa = PBXFileReference; lastKnownFileType = sourcecode.swift; path = LoginView.swift; sourceTree = "<group>"; };
		563BB0892BB2285700A56B2B /* PixelCouch.app */ = {isa = PBXFileReference; explicitFileType = wrapper.application; includeInIndex = 0; path = PixelCouch.app; sourceTree = BUILT_PRODUCTS_DIR; };
		563BB08C2BB2285700A56B2B /* PixelCouchApp.swift */ = {isa = PBXFileReference; lastKnownFileType = sourcecode.swift; path = PixelCouchApp.swift; sourceTree = "<group>"; };
		563BB08E2BB2285700A56B2B /* ContentView.swift */ = {isa = PBXFileReference; lastKnownFileType = sourcecode.swift; path = ContentView.swift; sourceTree = "<group>"; };
		563BB0902BB2285800A56B2B /* Assets.xcassets */ = {isa = PBXFileReference; lastKnownFileType = folder.assetcatalog; path = Assets.xcassets; sourceTree = "<group>"; };
		563BB0932BB2285800A56B2B /* Preview Assets.xcassets */ = {isa = PBXFileReference; lastKnownFileType = folder.assetcatalog; path = "Preview Assets.xcassets"; sourceTree = "<group>"; };
		56447C4E2BCA9DB6007D27EB /* RemoteImage.swift */ = {isa = PBXFileReference; lastKnownFileType = sourcecode.swift; path = RemoteImage.swift; sourceTree = "<group>"; };
		56447C502BCAA235007D27EB /* ButtonThing.swift */ = {isa = PBXFileReference; lastKnownFileType = sourcecode.swift; path = ButtonThing.swift; sourceTree = "<group>"; };
		565888002BCED78E00FB5484 /* Seed.swift */ = {isa = PBXFileReference; lastKnownFileType = sourcecode.swift; path = Seed.swift; sourceTree = "<group>"; };
		565888022BCED8EC00FB5484 /* UserView.swift */ = {isa = PBXFileReference; lastKnownFileType = sourcecode.swift; path = UserView.swift; sourceTree = "<group>"; };
		565888042BCEDAE800FB5484 /* GoogleService-Info.plist */ = {isa = PBXFileReference; fileEncoding = 4; lastKnownFileType = text.plist.xml; path = "GoogleService-Info.plist"; sourceTree = "<group>"; };
		566316E22BEAA6D4001079C1 /* MainMenuView.swift */ = {isa = PBXFileReference; lastKnownFileType = sourcecode.swift; path = MainMenuView.swift; sourceTree = "<group>"; };
		566316E42BEAC4E3001079C1 /* FirstScreenView.swift */ = {isa = PBXFileReference; lastKnownFileType = sourcecode.swift; path = FirstScreenView.swift; sourceTree = "<group>"; };
		5666075A2BBDEB9000D8AA70 /* GameModel.swift */ = {isa = PBXFileReference; lastKnownFileType = sourcecode.swift; path = GameModel.swift; sourceTree = "<group>"; };
		5666075C2BBDEC6700D8AA70 /* NetworkManager.swift */ = {isa = PBXFileReference; lastKnownFileType = sourcecode.swift; path = NetworkManager.swift; sourceTree = "<group>"; };
		5692085A2BD965B700E13E26 /* DatabaseManager.swift */ = {isa = PBXFileReference; lastKnownFileType = sourcecode.swift; path = DatabaseManager.swift; sourceTree = "<group>"; };
		56A14A472BEA9C530000CF10 /* HostRoom.swift */ = {isa = PBXFileReference; lastKnownFileType = sourcecode.swift; path = HostRoom.swift; sourceTree = "<group>"; };
		56B057742BBB5F8C00B4A7EB /* CardView.swift */ = {isa = PBXFileReference; lastKnownFileType = sourcecode.swift; path = CardView.swift; sourceTree = "<group>"; };
/* End PBXFileReference section */

/* Begin PBXFrameworksBuildPhase section */
		563BB0862BB2285700A56B2B /* Frameworks */ = {
			isa = PBXFrameworksBuildPhase;
			buildActionMask = 2147483647;
			files = (
				5658880C2BCEDB3F00FB5484 /* FirebaseAnalyticsSwift in Frameworks */,
				5658880E2BCEDB3F00FB5484 /* FirebaseAnalyticsWithoutAdIdSupport in Frameworks */,
				565888082BCEDB3F00FB5484 /* FirebaseAnalytics in Frameworks */,
				5658880A2BCEDB3F00FB5484 /* FirebaseAnalyticsOnDeviceConversion in Frameworks */,
				565888102BCEDB3F00FB5484 /* FirebaseAppCheck in Frameworks */,
				5694B9862BC4552A004D2A16 /* Kingfisher in Frameworks */,
			);
			runOnlyForDeploymentPostprocessing = 0;
		};
/* End PBXFrameworksBuildPhase section */

/* Begin PBXGroup section */
		560D50E42BDEB01A006EBDA1 /* Views */ = {
			isa = PBXGroup;
			children = (
				56B057742BBB5F8C00B4A7EB /* CardView.swift */,
				560D50E22BDEAEA2006EBDA1 /* LoginView.swift */,
				565888022BCED8EC00FB5484 /* UserView.swift */,
				563BB08E2BB2285700A56B2B /* ContentView.swift */,
				56A14A472BEA9C530000CF10 /* HostRoom.swift */,
				566316E22BEAA6D4001079C1 /* MainMenuView.swift */,
				566316E42BEAC4E3001079C1 /* FirstScreenView.swift */,
			);
			path = Views;
			sourceTree = "<group>";
		};
		560D50E52BDEB033006EBDA1 /* Managers */ = {
			isa = PBXGroup;
			children = (
				56447C4E2BCA9DB6007D27EB /* RemoteImage.swift */,
				565888002BCED78E00FB5484 /* Seed.swift */,
				560D50E02BDEAE44006EBDA1 /* AuthManager.swift */,
				5666075C2BBDEC6700D8AA70 /* NetworkManager.swift */,
				5666075A2BBDEB9000D8AA70 /* GameModel.swift */,
				56447C502BCAA235007D27EB /* ButtonThing.swift */,
				5692085A2BD965B700E13E26 /* DatabaseManager.swift */,
			);
			path = Managers;
			sourceTree = "<group>";
		};
		563BB0802BB2285700A56B2B = {
			isa = PBXGroup;
			children = (
				563BB08B2BB2285700A56B2B /* PixelCouch */,
				563BB08A2BB2285700A56B2B /* Products */,
			);
			sourceTree = "<group>";
		};
		563BB08A2BB2285700A56B2B /* Products */ = {
			isa = PBXGroup;
			children = (
				563BB0892BB2285700A56B2B /* PixelCouch.app */,
			);
			name = Products;
			sourceTree = "<group>";
		};
		563BB08B2BB2285700A56B2B /* PixelCouch */ = {
			isa = PBXGroup;
			children = (
				560D50E52BDEB033006EBDA1 /* Managers */,
				560D50E42BDEB01A006EBDA1 /* Views */,
				563BB08C2BB2285700A56B2B /* PixelCouchApp.swift */,
				563BB0902BB2285800A56B2B /* Assets.xcassets */,
				565888042BCEDAE800FB5484 /* GoogleService-Info.plist */,
				563BB0922BB2285800A56B2B /* Preview Content */,
			);
			path = PixelCouch;
			sourceTree = "<group>";
		};
		563BB0922BB2285800A56B2B /* Preview Content */ = {
			isa = PBXGroup;
			children = (
				563BB0932BB2285800A56B2B /* Preview Assets.xcassets */,
			);
			path = "Preview Content";
			sourceTree = "<group>";
		};
/* End PBXGroup section */

/* Begin PBXNativeTarget section */
		563BB0882BB2285700A56B2B /* PixelCouch */ = {
			isa = PBXNativeTarget;
			buildConfigurationList = 563BB0972BB2285800A56B2B /* Build configuration list for PBXNativeTarget "PixelCouch" */;
			buildPhases = (
				563BB0852BB2285700A56B2B /* Sources */,
				563BB0862BB2285700A56B2B /* Frameworks */,
				563BB0872BB2285700A56B2B /* Resources */,
			);
			buildRules = (
			);
			dependencies = (
			);
			name = PixelCouch;
			packageProductDependencies = (
				5694B9852BC4552A004D2A16 /* Kingfisher */,
				565888072BCEDB3F00FB5484 /* FirebaseAnalytics */,
				565888092BCEDB3F00FB5484 /* FirebaseAnalyticsOnDeviceConversion */,
				5658880B2BCEDB3F00FB5484 /* FirebaseAnalyticsSwift */,
				5658880D2BCEDB3F00FB5484 /* FirebaseAnalyticsWithoutAdIdSupport */,
				5658880F2BCEDB3F00FB5484 /* FirebaseAppCheck */,
			);
			productName = LanPlay;
			productReference = 563BB0892BB2285700A56B2B /* PixelCouch.app */;
			productType = "com.apple.product-type.application";
		};
/* End PBXNativeTarget section */

/* Begin PBXProject section */
		563BB0812BB2285700A56B2B /* Project object */ = {
			isa = PBXProject;
			attributes = {
				BuildIndependentTargetsInParallel = 1;
				LastSwiftUpdateCheck = 1530;
				LastUpgradeCheck = 1530;
				TargetAttributes = {
					563BB0882BB2285700A56B2B = {
						CreatedOnToolsVersion = 15.3;
					};
				};
			};
			buildConfigurationList = 563BB0842BB2285700A56B2B /* Build configuration list for PBXProject "PixelCouch" */;
			compatibilityVersion = "Xcode 14.0";
			developmentRegion = en;
			hasScannedForEncodings = 0;
			knownRegions = (
				en,
				Base,
			);
			mainGroup = 563BB0802BB2285700A56B2B;
			packageReferences = (
				5694B9842BC4552A004D2A16 /* XCRemoteSwiftPackageReference "Kingfisher" */,
				565888062BCEDB3F00FB5484 /* XCRemoteSwiftPackageReference "firebase-ios-sdk" */,
			);
			productRefGroup = 563BB08A2BB2285700A56B2B /* Products */;
			projectDirPath = "";
			projectRoot = "";
			targets = (
				563BB0882BB2285700A56B2B /* PixelCouch */,
			);
		};
/* End PBXProject section */

/* Begin PBXResourcesBuildPhase section */
		563BB0872BB2285700A56B2B /* Resources */ = {
			isa = PBXResourcesBuildPhase;
			buildActionMask = 2147483647;
			files = (
				563BB0942BB2285800A56B2B /* Preview Assets.xcassets in Resources */,
				563BB0912BB2285800A56B2B /* Assets.xcassets in Resources */,
				565888052BCEDAE800FB5484 /* GoogleService-Info.plist in Resources */,
			);
			runOnlyForDeploymentPostprocessing = 0;
		};
/* End PBXResourcesBuildPhase section */

/* Begin PBXSourcesBuildPhase section */
		563BB0852BB2285700A56B2B /* Sources */ = {
			isa = PBXSourcesBuildPhase;
			buildActionMask = 2147483647;
			files = (
				563BB08F2BB2285700A56B2B /* ContentView.swift in Sources */,
				56A14A482BEA9C530000CF10 /* HostRoom.swift in Sources */,
				5666075B2BBDEB9000D8AA70 /* GameModel.swift in Sources */,
				566316E52BEAC4E3001079C1 /* FirstScreenView.swift in Sources */,
				5692085B2BD965B700E13E26 /* DatabaseManager.swift in Sources */,
				5666075D2BBDEC6700D8AA70 /* NetworkManager.swift in Sources */,
				56447C4F2BCA9DB6007D27EB /* RemoteImage.swift in Sources */,
				56447C512BCAA235007D27EB /* ButtonThing.swift in Sources */,
				560D50E32BDEAEA2006EBDA1 /* LoginView.swift in Sources */,
				566316E32BEAA6D4001079C1 /* MainMenuView.swift in Sources */,
				56B057752BBB5F8C00B4A7EB /* CardView.swift in Sources */,
				565888012BCED78E00FB5484 /* Seed.swift in Sources */,
				560D50E12BDEAE44006EBDA1 /* AuthManager.swift in Sources */,
				565888032BCED8EC00FB5484 /* UserView.swift in Sources */,
				563BB08D2BB2285700A56B2B /* PixelCouchApp.swift in Sources */,
			);
			runOnlyForDeploymentPostprocessing = 0;
		};
/* End PBXSourcesBuildPhase section */

/* Begin XCBuildConfiguration section */
		563BB0952BB2285800A56B2B /* Debug */ = {
			isa = XCBuildConfiguration;
			buildSettings = {
				ALWAYS_SEARCH_USER_PATHS = NO;
				ASSETCATALOG_COMPILER_GENERATE_SWIFT_ASSET_SYMBOL_EXTENSIONS = YES;
				CLANG_ANALYZER_NONNULL = YES;
				CLANG_ANALYZER_NUMBER_OBJECT_CONVERSION = YES_AGGRESSIVE;
				CLANG_CXX_LANGUAGE_STANDARD = "gnu++20";
				CLANG_ENABLE_MODULES = YES;
				CLANG_ENABLE_OBJC_ARC = YES;
				CLANG_ENABLE_OBJC_WEAK = YES;
				CLANG_WARN_BLOCK_CAPTURE_AUTORELEASING = YES;
				CLANG_WARN_BOOL_CONVERSION = YES;
				CLANG_WARN_COMMA = YES;
				CLANG_WARN_CONSTANT_CONVERSION = YES;
				CLANG_WARN_DEPRECATED_OBJC_IMPLEMENTATIONS = YES;
				CLANG_WARN_DIRECT_OBJC_ISA_USAGE = YES_ERROR;
				CLANG_WARN_DOCUMENTATION_COMMENTS = YES;
				CLANG_WARN_EMPTY_BODY = YES;
				CLANG_WARN_ENUM_CONVERSION = YES;
				CLANG_WARN_INFINITE_RECURSION = YES;
				CLANG_WARN_INT_CONVERSION = YES;
				CLANG_WARN_NON_LITERAL_NULL_CONVERSION = YES;
				CLANG_WARN_OBJC_IMPLICIT_RETAIN_SELF = YES;
				CLANG_WARN_OBJC_LITERAL_CONVERSION = YES;
				CLANG_WARN_OBJC_ROOT_CLASS = YES_ERROR;
				CLANG_WARN_QUOTED_INCLUDE_IN_FRAMEWORK_HEADER = YES;
				CLANG_WARN_RANGE_LOOP_ANALYSIS = YES;
				CLANG_WARN_STRICT_PROTOTYPES = YES;
				CLANG_WARN_SUSPICIOUS_MOVE = YES;
				CLANG_WARN_UNGUARDED_AVAILABILITY = YES_AGGRESSIVE;
				CLANG_WARN_UNREACHABLE_CODE = YES;
				CLANG_WARN__DUPLICATE_METHOD_MATCH = YES;
				COPY_PHASE_STRIP = NO;
				DEBUG_INFORMATION_FORMAT = dwarf;
				ENABLE_STRICT_OBJC_MSGSEND = YES;
				ENABLE_TESTABILITY = YES;
				ENABLE_USER_SCRIPT_SANDBOXING = YES;
				GCC_C_LANGUAGE_STANDARD = gnu17;
				GCC_DYNAMIC_NO_PIC = NO;
				GCC_NO_COMMON_BLOCKS = YES;
				GCC_OPTIMIZATION_LEVEL = 0;
				GCC_PREPROCESSOR_DEFINITIONS = (
					"DEBUG=1",
					"$(inherited)",
				);
				GCC_WARN_64_TO_32_BIT_CONVERSION = YES;
				GCC_WARN_ABOUT_RETURN_TYPE = YES_ERROR;
				GCC_WARN_UNDECLARED_SELECTOR = YES;
				GCC_WARN_UNINITIALIZED_AUTOS = YES_AGGRESSIVE;
				GCC_WARN_UNUSED_FUNCTION = YES;
				GCC_WARN_UNUSED_VARIABLE = YES;
				IPHONEOS_DEPLOYMENT_TARGET = 16.0;
				LOCALIZATION_PREFERS_STRING_CATALOGS = YES;
				MTL_ENABLE_DEBUG_INFO = INCLUDE_SOURCE;
				MTL_FAST_MATH = YES;
				ONLY_ACTIVE_ARCH = YES;
				SDKROOT = iphoneos;
				SWIFT_ACTIVE_COMPILATION_CONDITIONS = "DEBUG $(inherited)";
				SWIFT_OPTIMIZATION_LEVEL = "-Onone";
			};
			name = Debug;
		};
		563BB0962BB2285800A56B2B /* Release */ = {
			isa = XCBuildConfiguration;
			buildSettings = {
				ALWAYS_SEARCH_USER_PATHS = NO;
				ASSETCATALOG_COMPILER_GENERATE_SWIFT_ASSET_SYMBOL_EXTENSIONS = YES;
				CLANG_ANALYZER_NONNULL = YES;
				CLANG_ANALYZER_NUMBER_OBJECT_CONVERSION = YES_AGGRESSIVE;
				CLANG_CXX_LANGUAGE_STANDARD = "gnu++20";
				CLANG_ENABLE_MODULES = YES;
				CLANG_ENABLE_OBJC_ARC = YES;
				CLANG_ENABLE_OBJC_WEAK = YES;
				CLANG_WARN_BLOCK_CAPTURE_AUTORELEASING = YES;
				CLANG_WARN_BOOL_CONVERSION = YES;
				CLANG_WARN_COMMA = YES;
				CLANG_WARN_CONSTANT_CONVERSION = YES;
				CLANG_WARN_DEPRECATED_OBJC_IMPLEMENTATIONS = YES;
				CLANG_WARN_DIRECT_OBJC_ISA_USAGE = YES_ERROR;
				CLANG_WARN_DOCUMENTATION_COMMENTS = YES;
				CLANG_WARN_EMPTY_BODY = YES;
				CLANG_WARN_ENUM_CONVERSION = YES;
				CLANG_WARN_INFINITE_RECURSION = YES;
				CLANG_WARN_INT_CONVERSION = YES;
				CLANG_WARN_NON_LITERAL_NULL_CONVERSION = YES;
				CLANG_WARN_OBJC_IMPLICIT_RETAIN_SELF = YES;
				CLANG_WARN_OBJC_LITERAL_CONVERSION = YES;
				CLANG_WARN_OBJC_ROOT_CLASS = YES_ERROR;
				CLANG_WARN_QUOTED_INCLUDE_IN_FRAMEWORK_HEADER = YES;
				CLANG_WARN_RANGE_LOOP_ANALYSIS = YES;
				CLANG_WARN_STRICT_PROTOTYPES = YES;
				CLANG_WARN_SUSPICIOUS_MOVE = YES;
				CLANG_WARN_UNGUARDED_AVAILABILITY = YES_AGGRESSIVE;
				CLANG_WARN_UNREACHABLE_CODE = YES;
				CLANG_WARN__DUPLICATE_METHOD_MATCH = YES;
				COPY_PHASE_STRIP = NO;
				DEBUG_INFORMATION_FORMAT = "dwarf-with-dsym";
				ENABLE_NS_ASSERTIONS = NO;
				ENABLE_STRICT_OBJC_MSGSEND = YES;
				ENABLE_USER_SCRIPT_SANDBOXING = YES;
				GCC_C_LANGUAGE_STANDARD = gnu17;
				GCC_NO_COMMON_BLOCKS = YES;
				GCC_WARN_64_TO_32_BIT_CONVERSION = YES;
				GCC_WARN_ABOUT_RETURN_TYPE = YES_ERROR;
				GCC_WARN_UNDECLARED_SELECTOR = YES;
				GCC_WARN_UNINITIALIZED_AUTOS = YES_AGGRESSIVE;
				GCC_WARN_UNUSED_FUNCTION = YES;
				GCC_WARN_UNUSED_VARIABLE = YES;
				IPHONEOS_DEPLOYMENT_TARGET = 16.0;
				LOCALIZATION_PREFERS_STRING_CATALOGS = YES;
				MTL_ENABLE_DEBUG_INFO = NO;
				MTL_FAST_MATH = YES;
				SDKROOT = iphoneos;
				SWIFT_COMPILATION_MODE = wholemodule;
				VALIDATE_PRODUCT = YES;
			};
			name = Release;
		};
		563BB0982BB2285800A56B2B /* Debug */ = {
			isa = XCBuildConfiguration;
			buildSettings = {
				ASSETCATALOG_COMPILER_APPICON_NAME = AppIcon;
				ASSETCATALOG_COMPILER_GLOBAL_ACCENT_COLOR_NAME = AccentColor;
				CODE_SIGN_STYLE = Automatic;
				CURRENT_PROJECT_VERSION = 1;
				DEVELOPMENT_ASSET_PATHS = "\"PixelCouch/Preview Content\"";
				DEVELOPMENT_TEAM = 3TFZ52QYHN;
				ENABLE_PREVIEWS = YES;
				GENERATE_INFOPLIST_FILE = YES;
				INFOPLIST_KEY_LSApplicationCategoryType = "public.app-category.games";
				INFOPLIST_KEY_UIApplicationSceneManifest_Generation = YES;
				INFOPLIST_KEY_UIApplicationSupportsIndirectInputEvents = YES;
				INFOPLIST_KEY_UILaunchScreen_Generation = YES;
				INFOPLIST_KEY_UISupportedInterfaceOrientations = UIInterfaceOrientationPortrait;
				INFOPLIST_KEY_UISupportedInterfaceOrientations_iPad = "UIInterfaceOrientationPortrait UIInterfaceOrientationPortraitUpsideDown";
				LD_RUNPATH_SEARCH_PATHS = (
					"$(inherited)",
					"@executable_path/Frameworks",
				);
				MARKETING_VERSION = 1.0;
				PRODUCT_BUNDLE_IDENTIFIER = mariann.PixelCouch;
				PRODUCT_NAME = "$(TARGET_NAME)";
				SWIFT_EMIT_LOC_STRINGS = YES;
				SWIFT_VERSION = 5.0;
				TARGETED_DEVICE_FAMILY = "1,2";
			};
			name = Debug;
		};
		563BB0992BB2285800A56B2B /* Release */ = {
			isa = XCBuildConfiguration;
			buildSettings = {
				ASSETCATALOG_COMPILER_APPICON_NAME = AppIcon;
				ASSETCATALOG_COMPILER_GLOBAL_ACCENT_COLOR_NAME = AccentColor;
				CODE_SIGN_STYLE = Automatic;
				CURRENT_PROJECT_VERSION = 1;
				DEVELOPMENT_ASSET_PATHS = "\"PixelCouch/Preview Content\"";
				DEVELOPMENT_TEAM = 3TFZ52QYHN;
				ENABLE_PREVIEWS = YES;
				GENERATE_INFOPLIST_FILE = YES;
				INFOPLIST_KEY_LSApplicationCategoryType = "public.app-category.games";
				INFOPLIST_KEY_UIApplicationSceneManifest_Generation = YES;
				INFOPLIST_KEY_UIApplicationSupportsIndirectInputEvents = YES;
				INFOPLIST_KEY_UILaunchScreen_Generation = YES;
				INFOPLIST_KEY_UISupportedInterfaceOrientations = UIInterfaceOrientationPortrait;
				INFOPLIST_KEY_UISupportedInterfaceOrientations_iPad = "UIInterfaceOrientationPortrait UIInterfaceOrientationPortraitUpsideDown";
				LD_RUNPATH_SEARCH_PATHS = (
					"$(inherited)",
					"@executable_path/Frameworks",
				);
				MARKETING_VERSION = 1.0;
				PRODUCT_BUNDLE_IDENTIFIER = mariann.PixelCouch;
				PRODUCT_NAME = "$(TARGET_NAME)";
				SWIFT_EMIT_LOC_STRINGS = YES;
				SWIFT_VERSION = 5.0;
				TARGETED_DEVICE_FAMILY = "1,2";
			};
			name = Release;
		};
/* End XCBuildConfiguration section */

/* Begin XCConfigurationList section */
		563BB0842BB2285700A56B2B /* Build configuration list for PBXProject "PixelCouch" */ = {
			isa = XCConfigurationList;
			buildConfigurations = (
				563BB0952BB2285800A56B2B /* Debug */,
				563BB0962BB2285800A56B2B /* Release */,
			);
			defaultConfigurationIsVisible = 0;
			defaultConfigurationName = Release;
		};
		563BB0972BB2285800A56B2B /* Build configuration list for PBXNativeTarget "PixelCouch" */ = {
			isa = XCConfigurationList;
			buildConfigurations = (
				563BB0982BB2285800A56B2B /* Debug */,
				563BB0992BB2285800A56B2B /* Release */,
			);
			defaultConfigurationIsVisible = 0;
			defaultConfigurationName = Release;
		};
/* End XCConfigurationList section */

/* Begin XCRemoteSwiftPackageReference section */
		565888062BCEDB3F00FB5484 /* XCRemoteSwiftPackageReference "firebase-ios-sdk" */ = {
			isa = XCRemoteSwiftPackageReference;
			repositoryURL = "https://github.com/firebase/firebase-ios-sdk";
			requirement = {
				kind = upToNextMajorVersion;
				minimumVersion = 10.24.0;
			};
		};
		5694B9842BC4552A004D2A16 /* XCRemoteSwiftPackageReference "Kingfisher" */ = {
			isa = XCRemoteSwiftPackageReference;
			repositoryURL = "https://github.com/onevcat/Kingfisher.git";
			requirement = {
				kind = upToNextMajorVersion;
				minimumVersion = 7.11.0;
			};
		};
/* End XCRemoteSwiftPackageReference section */

/* Begin XCSwiftPackageProductDependency section */
		565888072BCEDB3F00FB5484 /* FirebaseAnalytics */ = {
			isa = XCSwiftPackageProductDependency;
			package = 565888062BCEDB3F00FB5484 /* XCRemoteSwiftPackageReference "firebase-ios-sdk" */;
			productName = FirebaseAnalytics;
		};
		565888092BCEDB3F00FB5484 /* FirebaseAnalyticsOnDeviceConversion */ = {
			isa = XCSwiftPackageProductDependency;
			package = 565888062BCEDB3F00FB5484 /* XCRemoteSwiftPackageReference "firebase-ios-sdk" */;
			productName = FirebaseAnalyticsOnDeviceConversion;
		};
		5658880B2BCEDB3F00FB5484 /* FirebaseAnalyticsSwift */ = {
			isa = XCSwiftPackageProductDependency;
			package = 565888062BCEDB3F00FB5484 /* XCRemoteSwiftPackageReference "firebase-ios-sdk" */;
			productName = FirebaseAnalyticsSwift;
		};
		5658880D2BCEDB3F00FB5484 /* FirebaseAnalyticsWithoutAdIdSupport */ = {
			isa = XCSwiftPackageProductDependency;
			package = 565888062BCEDB3F00FB5484 /* XCRemoteSwiftPackageReference "firebase-ios-sdk" */;
			productName = FirebaseAnalyticsWithoutAdIdSupport;
		};
		5658880F2BCEDB3F00FB5484 /* FirebaseAppCheck */ = {
			isa = XCSwiftPackageProductDependency;
			package = 565888062BCEDB3F00FB5484 /* XCRemoteSwiftPackageReference "firebase-ios-sdk" */;
			productName = FirebaseAppCheck;
		};
		5694B9852BC4552A004D2A16 /* Kingfisher */ = {
			isa = XCSwiftPackageProductDependency;
			package = 5694B9842BC4552A004D2A16 /* XCRemoteSwiftPackageReference "Kingfisher" */;
			productName = Kingfisher;
		};
/* End XCSwiftPackageProductDependency section */
	};
	rootObject = 563BB0812BB2285700A56B2B /* Project object */;
}
